
Microsoft Visual Studio Solution File, Format Version 12.00
# Visual Studio Version 16
VisualStudioVersion = 16.0.32901.82
MinimumVisualStudioVersion = 10.0.40219.1
Project("{9A19103F-16F7-4668-BE54-9A1E7A4F7556}") = "surveyjs-as-form-library", "surveyjs-as-form-library.csproj", "{8578EF20-C39C-4A15-901C-35B8EB7085D7}"
EndProject
Global
	GlobalSection(SolutionConfigurationPlatforms) = preSolution
		Debug|Any CPU = Debug|Any CPU
		Release|Any CPU = Release|Any CPU
	EndGlobalSection
	GlobalSection(ProjectConfigurationPlatforms) = postSolution
		{8578EF20-C39C-4A15-901C-35B8EB7085D7}.Debug|Any CPU.ActiveCfg = Debug|Any CPU
		{8578EF20-C39C-4A15-901C-35B8EB7085D7}.Debug|Any CPU.Build.0 = Debug|Any CPU
		{8578EF20-C39C-4A15-901C-35B8EB7085D7}.Release|Any CPU.ActiveCfg = Release|Any CPU
		{8578EF20-C39C-4A15-901C-35B8EB7085D7}.Release|Any CPU.Build.0 = Release|Any CPU
	EndGlobalSection
	GlobalSection(SolutionProperties) = preSolution
		HideSolutionNode = FALSE
	EndGlobalSection
	GlobalSection(ExtensibilityGlobals) = postSolution
		SolutionGuid = {A3B0D97F-3312-4124-9771-B27531EB09E8}
	EndGlobalSection
EndGlobal
